PODS:
  - Masonry (1.2.2):
    - Masonry/Core (= 1.2.2)
  - Masonry/Core (1.2.2)

DEPENDENCIES:
  - Masonry (from `./`)

EXTERNAL SOURCES:
  Masonry:
    :path: "./"

SPEC CHECKSUMS:
  Masonry: 71aa8830be8fbab8c607491685b463561a673d4a

PODFILE CHECKSUM: d6d853f59747e6c0af782fae52a310204bb93964

COCOAPODS: 1.16.2
